// !$*UTF8*$!
{
	archiveVersion = 1;
	classes = {
	};
	objectVersion = 56;
	objects = {

/* Begin PBXBuildFile section */
		7201BA452A04D50C0046A39C /* StackView.swift in Sources */ = {isa = PBXBuildFile; fileRef = 7201BA442A04D50C0046A39C /* StackView.swift */; };
		7201BA472A04E2830046A39C /* Background.swift in Sources */ = {isa = PBXBuildFile; fileRef = 7201BA462A04E2830046A39C /* Background.swift */; };
		7201BA492A04EBDD0046A39C /* Padding.swift in Sources */ = {isa = PBXBuildFile; fileRef = 7201BA482A04EBDD0046A39C /* Padding.swift */; };
		727010B12A0CD71200272BDD /* StateBasic.swift in Sources */ = {isa = PBXBuildFile; fileRef = 727010B02A0CD71200272BDD /* StateBasic.swift */; };
		727010B32A0CDD7700272BDD /* BindingBasic.swift in Sources */ = {isa = PBXBuildFile; fileRef = 727010B22A0CDD7700272BDD /* BindingBasic.swift */; };
		727010B52A0CDDEA00272BDD /* SubView.swift in Sources */ = {isa = PBXBuildFile; fileRef = 727010B42A0CDDEA00272BDD /* SubView.swift */; };
		727010B72A0CFA4500272BDD /* ExtractView.swift in Sources */ = {isa = PBXBuildFile; fileRef = 727010B62A0CFA4500272BDD /* ExtractView.swift */; };
		72836A0C2A174BB9008E436A /* AlertBasic.swift in Sources */ = {isa = PBXBuildFile; fileRef = 72836A0B2A174BB9008E436A /* AlertBasic.swift */; };
		72836A0E2A17668A008E436A /* ContextMenuView.swift in Sources */ = {isa = PBXBuildFile; fileRef = 72836A0D2A17668A008E436A /* ContextMenuView.swift */; };
		72836B872A0E381100CA0CB8 /* Sheet.swift in Sources */ = {isa = PBXBuildFile; fileRef = 72836B862A0E381100CA0CB8 /* Sheet.swift */; };
		72836B892A0E3CA700CA0CB8 /* OverLayView.swift in Sources */ = {isa = PBXBuildFile; fileRef = 72836B882A0E3CA700CA0CB8 /* OverLayView.swift */; };
		72836B8C2A0E412200CA0CB8 /* Navigation.swift in Sources */ = {isa = PBXBuildFile; fileRef = 72836B8B2A0E412200CA0CB8 /* Navigation.swift */; };
		72836B8F2A0E417100CA0CB8 /* SecondNav.swift in Sources */ = {isa = PBXBuildFile; fileRef = 72836B8E2A0E417100CA0CB8 /* SecondNav.swift */; };
		72926EDA2A14C60000FD204D /* ListView.swift in Sources */ = {isa = PBXBuildFile; fileRef = 72926ED92A14C60000FD204D /* ListView.swift */; };
		72B326192A0767D3008185FC /* LazyGridView.swift in Sources */ = {isa = PBXBuildFile; fileRef = 72B326182A0767D3008185FC /* LazyGridView.swift */; };
		72B3261B2A07723F008185FC /* ButtonTest.swift in Sources */ = {isa = PBXBuildFile; fileRef = 72B3261A2A07723F008185FC /* ButtonTest.swift */; };
		72D68B462A02337000A57219 /* SwiftUI_StudyApp.swift in Sources */ = {isa = PBXBuildFile; fileRef = 72D68B452A02337000A57219 /* SwiftUI_StudyApp.swift */; };
		72D68B482A02337000A57219 /* ContentView.swift in Sources */ = {isa = PBXBuildFile; fileRef = 72D68B472A02337000A57219 /* ContentView.swift */; };
		72D68B4A2A02337100A57219 /* Assets.xcassets in Resources */ = {isa = PBXBuildFile; fileRef = 72D68B492A02337100A57219 /* Assets.xcassets */; };
		72D68B4D2A02337100A57219 /* Preview Assets.xcassets in Resources */ = {isa = PBXBuildFile; fileRef = 72D68B4C2A02337100A57219 /* Preview Assets.xcassets */; };
		72D68B552A02368900A57219 /* TextView.swift in Sources */ = {isa = PBXBuildFile; fileRef = 72D68B542A02368900A57219 /* TextView.swift */; };
		72D68B572A0242E100A57219 /* FrameView.swift in Sources */ = {isa = PBXBuildFile; fileRef = 72D68B562A0242E100A57219 /* FrameView.swift */; };
		72E06C832A0602E9007F00A0 /* Scroll_ForEach.swift in Sources */ = {isa = PBXBuildFile; fileRef = 72E06C822A0602E9007F00A0 /* Scroll_ForEach.swift */; };
		72E06C852A061AB5007F00A0 /* InitEnum.swift in Sources */ = {isa = PBXBuildFile; fileRef = 72E06C842A061AB5007F00A0 /* InitEnum.swift */; };
/* End PBXBuildFile section */

/* Begin PBXFileReference section */
		7201BA442A04D50C0046A39C /* StackView.swift */ = {isa = PBXFileReference; lastKnownFileType = sourcecode.swift; path = StackView.swift; sourceTree = "<group>"; };
		7201BA462A04E2830046A39C /* Background.swift */ = {isa = PBXFileReference; lastKnownFileType = sourcecode.swift; path = Background.swift; sourceTree = "<group>"; };
		7201BA482A04EBDD0046A39C /* Padding.swift */ = {isa = PBXFileReference; lastKnownFileType = sourcecode.swift; path = Padding.swift; sourceTree = "<group>"; };
		727010B02A0CD71200272BDD /* StateBasic.swift */ = {isa = PBXFileReference; lastKnownFileType = sourcecode.swift; path = StateBasic.swift; sourceTree = "<group>"; };
		727010B22A0CDD7700272BDD /* BindingBasic.swift */ = {isa = PBXFileReference; lastKnownFileType = sourcecode.swift; path = BindingBasic.swift; sourceTree = "<group>"; };
		727010B42A0CDDEA00272BDD /* SubView.swift */ = {isa = PBXFileReference; lastKnownFileType = sourcecode.swift; path = SubView.swift; sourceTree = "<group>"; };
		727010B62A0CFA4500272BDD /* ExtractView.swift */ = {isa = PBXFileReference; lastKnownFileType = sourcecode.swift; path = ExtractView.swift; sourceTree = "<group>"; };
		72836A0B2A174BB9008E436A /* AlertBasic.swift */ = {isa = PBXFileReference; lastKnownFileType = sourcecode.swift; path = AlertBasic.swift; sourceTree = "<group>"; };
		72836A0D2A17668A008E436A /* ContextMenuView.swift */ = {isa = PBXFileReference; lastKnownFileType = sourcecode.swift; path = ContextMenuView.swift; sourceTree = "<group>"; };
		72836B862A0E381100CA0CB8 /* Sheet.swift */ = {isa = PBXFileReference; lastKnownFileType = sourcecode.swift; path = Sheet.swift; sourceTree = "<group>"; };
		72836B882A0E3CA700CA0CB8 /* OverLayView.swift */ = {isa = PBXFileReference; lastKnownFileType = sourcecode.swift; path = OverLayView.swift; sourceTree = "<group>"; };
		72836B8B2A0E412200CA0CB8 /* Navigation.swift */ = {isa = PBXFileReference; lastKnownFileType = sourcecode.swift; path = Navigation.swift; sourceTree = "<group>"; };
		72836B8E2A0E417100CA0CB8 /* SecondNav.swift */ = {isa = PBXFileReference; lastKnownFileType = sourcecode.swift; path = SecondNav.swift; sourceTree = "<group>"; };
		72926ED92A14C60000FD204D /* ListView.swift */ = {isa = PBXFileReference; lastKnownFileType = sourcecode.swift; path = ListView.swift; sourceTree = "<group>"; };
		72B326182A0767D3008185FC /* LazyGridView.swift */ = {isa = PBXFileReference; lastKnownFileType = sourcecode.swift; path = LazyGridView.swift; sourceTree = "<group>"; };
		72B3261A2A07723F008185FC /* ButtonTest.swift */ = {isa = PBXFileReference; lastKnownFileType = sourcecode.swift; path = ButtonTest.swift; sourceTree = "<group>"; };
		72D68B422A02337000A57219 /* SwiftUI_Study.app */ = {isa = PBXFileReference; explicitFileType = wrapper.application; includeInIndex = 0; path = SwiftUI_Study.app; sourceTree = BUILT_PRODUCTS_DIR; };
		72D68B452A02337000A57219 /* SwiftUI_StudyApp.swift */ = {isa = PBXFileReference; lastKnownFileType = sourcecode.swift; path = SwiftUI_StudyApp.swift; sourceTree = "<group>"; };
		72D68B472A02337000A57219 /* ContentView.swift */ = {isa = PBXFileReference; lastKnownFileType = sourcecode.swift; path = ContentView.swift; sourceTree = "<group>"; };
		72D68B492A02337100A57219 /* Assets.xcassets */ = {isa = PBXFileReference; lastKnownFileType = folder.assetcatalog; path = Assets.xcassets; sourceTree = "<group>"; };
		72D68B4C2A02337100A57219 /* Preview Assets.xcassets */ = {isa = PBXFileReference; lastKnownFileType = folder.assetcatalog; path = "Preview Assets.xcassets"; sourceTree = "<group>"; };
		72D68B542A02368900A57219 /* TextView.swift */ = {isa = PBXFileReference; lastKnownFileType = sourcecode.swift; path = TextView.swift; sourceTree = "<group>"; };
		72D68B562A0242E100A57219 /* FrameView.swift */ = {isa = PBXFileReference; lastKnownFileType = sourcecode.swift; path = FrameView.swift; sourceTree = "<group>"; };
		72E06C822A0602E9007F00A0 /* Scroll_ForEach.swift */ = {isa = PBXFileReference; lastKnownFileType = sourcecode.swift; path = Scroll_ForEach.swift; sourceTree = "<group>"; };
		72E06C842A061AB5007F00A0 /* InitEnum.swift */ = {isa = PBXFileReference; lastKnownFileType = sourcecode.swift; path = InitEnum.swift; sourceTree = "<group>"; };
/* End PBXFileReference section */

/* Begin PBXFrameworksBuildPhase section */
		72D68B3F2A02337000A57219 /* Frameworks */ = {
			isa = PBXFrameworksBuildPhase;
			buildActionMask = 2147483647;
			files = (
			);
			runOnlyForDeploymentPostprocessing = 0;
		};
/* End PBXFrameworksBuildPhase section */

/* Begin PBXGroup section */
		7201BA432A04D4F70046A39C /* Day2 */ = {
			isa = PBXGroup;
			children = (
				7201BA462A04E2830046A39C /* Background.swift */,
				7201BA442A04D50C0046A39C /* StackView.swift */,
				7201BA482A04EBDD0046A39C /* Padding.swift */,
			);
			path = Day2;
			sourceTree = "<group>";
		};
		727010AE2A0CD6B600272BDD /* Day5 */ = {
			isa = PBXGroup;
			children = (
				727010AF2A0CD70100272BDD /* PropertyWrapper */,
				727010B62A0CFA4500272BDD /* ExtractView.swift */,
			);
			path = Day5;
			sourceTree = "<group>";
		};
		727010AF2A0CD70100272BDD /* PropertyWrapper */ = {
			isa = PBXGroup;
			children = (
				727010B02A0CD71200272BDD /* StateBasic.swift */,
				727010B22A0CDD7700272BDD /* BindingBasic.swift */,
				727010B42A0CDDEA00272BDD /* SubView.swift */,
			);
			path = PropertyWrapper;
			sourceTree = "<group>";
		};
		72836A0A2A174B9E008E436A /* Day8 */ = {
			isa = PBXGroup;
			children = (
				72836A0B2A174BB9008E436A /* AlertBasic.swift */,
				72836A0D2A17668A008E436A /* ContextMenuView.swift */,
			);
			path = Day8;
			sourceTree = "<group>";
		};
		72836B852A0E30FC00CA0CB8 /* Day6 */ = {
			isa = PBXGroup;
			children = (
				72836B8D2A0E414500CA0CB8 /* Sheet */,
				72836B8B2A0E412200CA0CB8 /* Navigation.swift */,
				72836B8E2A0E417100CA0CB8 /* SecondNav.swift */,
			);
			path = Day6;
			sourceTree = "<group>";
		};
		72836B8D2A0E414500CA0CB8 /* Sheet */ = {
			isa = PBXGroup;
			children = (
				72836B862A0E381100CA0CB8 /* Sheet.swift */,
				72836B882A0E3CA700CA0CB8 /* OverLayView.swift */,
			);
			path = Sheet;
			sourceTree = "<group>";
		};
		72926ED82A14C5EF00FD204D /* Day7 */ = {
			isa = PBXGroup;
			children = (
				72926ED92A14C60000FD204D /* ListView.swift */,
			);
			path = Day7;
			sourceTree = "<group>";
		};
		72B326172A0767BE008185FC /* Day4 */ = {
			isa = PBXGroup;
			children = (
				72B326182A0767D3008185FC /* LazyGridView.swift */,
				72B3261A2A07723F008185FC /* ButtonTest.swift */,
			);
			path = Day4;
			sourceTree = "<group>";
		};
		72D68B392A02337000A57219 = {
			isa = PBXGroup;
			children = (
				72D68B442A02337000A57219 /* SwiftUI_Study */,
				72D68B432A02337000A57219 /* Products */,
			);
			sourceTree = "<group>";
		};
		72D68B432A02337000A57219 /* Products */ = {
			isa = PBXGroup;
			children = (
				72D68B422A02337000A57219 /* SwiftUI_Study.app */,
			);
			name = Products;
			sourceTree = "<group>";
		};
		72D68B442A02337000A57219 /* SwiftUI_Study */ = {
			isa = PBXGroup;
			children = (
				72D68B452A02337000A57219 /* SwiftUI_StudyApp.swift */,
				72D68B472A02337000A57219 /* ContentView.swift */,
				72D68B532A02367100A57219 /* Day1 */,
				7201BA432A04D4F70046A39C /* Day2 */,
				72E06C812A0602D0007F00A0 /* Day3 */,
				72B326172A0767BE008185FC /* Day4 */,
				727010AE2A0CD6B600272BDD /* Day5 */,
				72836B852A0E30FC00CA0CB8 /* Day6 */,
				72926ED82A14C5EF00FD204D /* Day7 */,
				72836A0A2A174B9E008E436A /* Day8 */,
				72D68B492A02337100A57219 /* Assets.xcassets */,
				72D68B4B2A02337100A57219 /* Preview Content */,
			);
			path = SwiftUI_Study;
			sourceTree = "<group>";
		};
		72D68B4B2A02337100A57219 /* Preview Content */ = {
			isa = PBXGroup;
			children = (
				72D68B4C2A02337100A57219 /* Preview Assets.xcassets */,
			);
			path = "Preview Content";
			sourceTree = "<group>";
		};
		72D68B532A02367100A57219 /* Day1 */ = {
			isa = PBXGroup;
			children = (
				72D68B542A02368900A57219 /* TextView.swift */,
				72D68B562A0242E100A57219 /* FrameView.swift */,
			);
			path = Day1;
			sourceTree = "<group>";
		};
		72E06C812A0602D0007F00A0 /* Day3 */ = {
			isa = PBXGroup;
			children = (
				72E06C822A0602E9007F00A0 /* Scroll_ForEach.swift */,
				72E06C842A061AB5007F00A0 /* InitEnum.swift */,
			);
			path = Day3;
			sourceTree = "<group>";
		};
/* End PBXGroup section */

/* Begin PBXNativeTarget section */
		72D68B412A02337000A57219 /* SwiftUI_Study */ = {
			isa = PBXNativeTarget;
			buildConfigurationList = 72D68B502A02337100A57219 /* Build configuration list for PBXNativeTarget "SwiftUI_Study" */;
			buildPhases = (
				72D68B3E2A02337000A57219 /* Sources */,
				72D68B3F2A02337000A57219 /* Frameworks */,
				72D68B402A02337000A57219 /* Resources */,
			);
			buildRules = (
			);
			dependencies = (
			);
			name = SwiftUI_Study;
			productName = SwiftUI_Study;
			productReference = 72D68B422A02337000A57219 /* SwiftUI_Study.app */;
			productType = "com.apple.product-type.application";
		};
/* End PBXNativeTarget section */

/* Begin PBXProject section */
		72D68B3A2A02337000A57219 /* Project object */ = {
			isa = PBXProject;
			attributes = {
				BuildIndependentTargetsInParallel = 1;
				LastSwiftUpdateCheck = 1430;
				LastUpgradeCheck = 1430;
				TargetAttributes = {
					72D68B412A02337000A57219 = {
						CreatedOnToolsVersion = 14.3;
					};
				};
			};
			buildConfigurationList = 72D68B3D2A02337000A57219 /* Build configuration list for PBXProject "SwiftUI_Study" */;
			compatibilityVersion = "Xcode 14.0";
			developmentRegion = en;
			hasScannedForEncodings = 0;
			knownRegions = (
				en,
				Base,
			);
			mainGroup = 72D68B392A02337000A57219;
			productRefGroup = 72D68B432A02337000A57219 /* Products */;
			projectDirPath = "";
			projectRoot = "";
			targets = (
				72D68B412A02337000A57219 /* SwiftUI_Study */,
			);
		};
/* End PBXProject section */

/* Begin PBXResourcesBuildPhase section */
		72D68B402A02337000A57219 /* Resources */ = {
			isa = PBXResourcesBuildPhase;
			buildActionMask = 2147483647;
			files = (
				72D68B4D2A02337100A57219 /* Preview Assets.xcassets in Resources */,
				72D68B4A2A02337100A57219 /* Assets.xcassets in Resources */,
			);
			runOnlyForDeploymentPostprocessing = 0;
		};
/* End PBXResourcesBuildPhase section */

/* Begin PBXSourcesBuildPhase section */
		72D68B3E2A02337000A57219 /* Sources */ = {
			isa = PBXSourcesBuildPhase;
			buildActionMask = 2147483647;
			files = (
				72D68B572A0242E100A57219 /* FrameView.swift in Sources */,
				72D68B552A02368900A57219 /* TextView.swift in Sources */,
				7201BA492A04EBDD0046A39C /* Padding.swift in Sources */,
				72836A0C2A174BB9008E436A /* AlertBasic.swift in Sources */,
				72D68B482A02337000A57219 /* ContentView.swift in Sources */,
				727010B32A0CDD7700272BDD /* BindingBasic.swift in Sources */,
				72836B8F2A0E417100CA0CB8 /* SecondNav.swift in Sources */,
				727010B52A0CDDEA00272BDD /* SubView.swift in Sources */,
				72836B892A0E3CA700CA0CB8 /* OverLayView.swift in Sources */,
				72D68B462A02337000A57219 /* SwiftUI_StudyApp.swift in Sources */,
				72E06C852A061AB5007F00A0 /* InitEnum.swift in Sources */,
				727010B12A0CD71200272BDD /* StateBasic.swift in Sources */,
				72E06C832A0602E9007F00A0 /* Scroll_ForEach.swift in Sources */,
				72926EDA2A14C60000FD204D /* ListView.swift in Sources */,
				72B3261B2A07723F008185FC /* ButtonTest.swift in Sources */,
				72836A0E2A17668A008E436A /* ContextMenuView.swift in Sources */,
				7201BA452A04D50C0046A39C /* StackView.swift in Sources */,
				727010B72A0CFA4500272BDD /* ExtractView.swift in Sources */,
				72B326192A0767D3008185FC /* LazyGridView.swift in Sources */,
				72836B8C2A0E412200CA0CB8 /* Navigation.swift in Sources */,
				7201BA472A04E2830046A39C /* Background.swift in Sources */,
				72836B872A0E381100CA0CB8 /* Sheet.swift in Sources */,
			);
			runOnlyForDeploymentPostprocessing = 0;
		};
/* End PBXSourcesBuildPhase section */

/* Begin XCBuildConfiguration section */
		72D68B4E2A02337100A57219 /* Debug */ = {
			isa = XCBuildConfiguration;
			buildSettings = {
				ALWAYS_SEARCH_USER_PATHS = NO;
				CLANG_ANALYZER_NONNULL = YES;
				CLANG_ANALYZER_NUMBER_OBJECT_CONVERSION = YES_AGGRESSIVE;
				CLANG_CXX_LANGUAGE_STANDARD = "gnu++20";
				CLANG_ENABLE_MODULES = YES;
				CLANG_ENABLE_OBJC_ARC = YES;
				CLANG_ENABLE_OBJC_WEAK = YES;
				CLANG_WARN_BLOCK_CAPTURE_AUTORELEASING = YES;
				CLANG_WARN_BOOL_CONVERSION = YES;
				CLANG_WARN_COMMA = YES;
				CLANG_WARN_CONSTANT_CONVERSION = YES;
				CLANG_WARN_DEPRECATED_OBJC_IMPLEMENTATIONS = YES;
				CLANG_WARN_DIRECT_OBJC_ISA_USAGE = YES_ERROR;
				CLANG_WARN_DOCUMENTATION_COMMENTS = YES;
				CLANG_WARN_EMPTY_BODY = YES;
				CLANG_WARN_ENUM_CONVERSION = YES;
				CLANG_WARN_INFINITE_RECURSION = YES;
				CLANG_WARN_INT_CONVERSION = YES;
				CLANG_WARN_NON_LITERAL_NULL_CONVERSION = YES;
				CLANG_WARN_OBJC_IMPLICIT_RETAIN_SELF = YES;
				CLANG_WARN_OBJC_LITERAL_CONVERSION = YES;
				CLANG_WARN_OBJC_ROOT_CLASS = YES_ERROR;
				CLANG_WARN_QUOTED_INCLUDE_IN_FRAMEWORK_HEADER = YES;
				CLANG_WARN_RANGE_LOOP_ANALYSIS = YES;
				CLANG_WARN_STRICT_PROTOTYPES = YES;
				CLANG_WARN_SUSPICIOUS_MOVE = YES;
				CLANG_WARN_UNGUARDED_AVAILABILITY = YES_AGGRESSIVE;
				CLANG_WARN_UNREACHABLE_CODE = YES;
				CLANG_WARN__DUPLICATE_METHOD_MATCH = YES;
				COPY_PHASE_STRIP = NO;
				DEBUG_INFORMATION_FORMAT = dwarf;
				ENABLE_STRICT_OBJC_MSGSEND = YES;
				ENABLE_TESTABILITY = YES;
				GCC_C_LANGUAGE_STANDARD = gnu11;
				GCC_DYNAMIC_NO_PIC = NO;
				GCC_NO_COMMON_BLOCKS = YES;
				GCC_OPTIMIZATION_LEVEL = 0;
				GCC_PREPROCESSOR_DEFINITIONS = (
					"DEBUG=1",
					"$(inherited)",
				);
				GCC_WARN_64_TO_32_BIT_CONVERSION = YES;
				GCC_WARN_ABOUT_RETURN_TYPE = YES_ERROR;
				GCC_WARN_UNDECLARED_SELECTOR = YES;
				GCC_WARN_UNINITIALIZED_AUTOS = YES_AGGRESSIVE;
				GCC_WARN_UNUSED_FUNCTION = YES;
				GCC_WARN_UNUSED_VARIABLE = YES;
				IPHONEOS_DEPLOYMENT_TARGET = 16.4;
				MTL_ENABLE_DEBUG_INFO = INCLUDE_SOURCE;
				MTL_FAST_MATH = YES;
				ONLY_ACTIVE_ARCH = YES;
				SDKROOT = iphoneos;
				SWIFT_ACTIVE_COMPILATION_CONDITIONS = DEBUG;
				SWIFT_OPTIMIZATION_LEVEL = "-Onone";
			};
			name = Debug;
		};
		72D68B4F2A02337100A57219 /* Release */ = {
			isa = XCBuildConfiguration;
			buildSettings = {
				ALWAYS_SEARCH_USER_PATHS = NO;
				CLANG_ANALYZER_NONNULL = YES;
				CLANG_ANALYZER_NUMBER_OBJECT_CONVERSION = YES_AGGRESSIVE;
				CLANG_CXX_LANGUAGE_STANDARD = "gnu++20";
				CLANG_ENABLE_MODULES = YES;
				CLANG_ENABLE_OBJC_ARC = YES;
				CLANG_ENABLE_OBJC_WEAK = YES;
				CLANG_WARN_BLOCK_CAPTURE_AUTORELEASING = YES;
				CLANG_WARN_BOOL_CONVERSION = YES;
				CLANG_WARN_COMMA = YES;
				CLANG_WARN_CONSTANT_CONVERSION = YES;
				CLANG_WARN_DEPRECATED_OBJC_IMPLEMENTATIONS = YES;
				CLANG_WARN_DIRECT_OBJC_ISA_USAGE = YES_ERROR;
				CLANG_WARN_DOCUMENTATION_COMMENTS = YES;
				CLANG_WARN_EMPTY_BODY = YES;
				CLANG_WARN_ENUM_CONVERSION = YES;
				CLANG_WARN_INFINITE_RECURSION = YES;
				CLANG_WARN_INT_CONVERSION = YES;
				CLANG_WARN_NON_LITERAL_NULL_CONVERSION = YES;
				CLANG_WARN_OBJC_IMPLICIT_RETAIN_SELF = YES;
				CLANG_WARN_OBJC_LITERAL_CONVERSION = YES;
				CLANG_WARN_OBJC_ROOT_CLASS = YES_ERROR;
				CLANG_WARN_QUOTED_INCLUDE_IN_FRAMEWORK_HEADER = YES;
				CLANG_WARN_RANGE_LOOP_ANALYSIS = YES;
				CLANG_WARN_STRICT_PROTOTYPES = YES;
				CLANG_WARN_SUSPICIOUS_MOVE = YES;
				CLANG_WARN_UNGUARDED_AVAILABILITY = YES_AGGRESSIVE;
				CLANG_WARN_UNREACHABLE_CODE = YES;
				CLANG_WARN__DUPLICATE_METHOD_MATCH = YES;
				COPY_PHASE_STRIP = NO;
				DEBUG_INFORMATION_FORMAT = "dwarf-with-dsym";
				ENABLE_NS_ASSERTIONS = NO;
				ENABLE_STRICT_OBJC_MSGSEND = YES;
				GCC_C_LANGUAGE_STANDARD = gnu11;
				GCC_NO_COMMON_BLOCKS = YES;
				GCC_WARN_64_TO_32_BIT_CONVERSION = YES;
				GCC_WARN_ABOUT_RETURN_TYPE = YES_ERROR;
				GCC_WARN_UNDECLARED_SELECTOR = YES;
				GCC_WARN_UNINITIALIZED_AUTOS = YES_AGGRESSIVE;
				GCC_WARN_UNUSED_FUNCTION = YES;
				GCC_WARN_UNUSED_VARIABLE = YES;
				IPHONEOS_DEPLOYMENT_TARGET = 16.4;
				MTL_ENABLE_DEBUG_INFO = NO;
				MTL_FAST_MATH = YES;
				SDKROOT = iphoneos;
				SWIFT_COMPILATION_MODE = wholemodule;
				SWIFT_OPTIMIZATION_LEVEL = "-O";
				VALIDATE_PRODUCT = YES;
			};
			name = Release;
		};
		72D68B512A02337100A57219 /* Debug */ = {
			isa = XCBuildConfiguration;
			buildSettings = {
				ASSETCATALOG_COMPILER_APPICON_NAME = AppIcon;
				ASSETCATALOG_COMPILER_GLOBAL_ACCENT_COLOR_NAME = AccentColor;
				CODE_SIGN_STYLE = Automatic;
				CURRENT_PROJECT_VERSION = 1;
				DEVELOPMENT_ASSET_PATHS = "\"SwiftUI_Study/Preview Content\"";
				ENABLE_PREVIEWS = YES;
				GENERATE_INFOPLIST_FILE = YES;
				INFOPLIST_KEY_UIApplicationSceneManifest_Generation = YES;
				INFOPLIST_KEY_UIApplicationSupportsIndirectInputEvents = YES;
				INFOPLIST_KEY_UILaunchScreen_Generation = YES;
				INFOPLIST_KEY_UISupportedInterfaceOrientations_iPad = "UIInterfaceOrientationPortrait UIInterfaceOrientationPortraitUpsideDown UIInterfaceOrientationLandscapeLeft UIInterfaceOrientationLandscapeRight";
				INFOPLIST_KEY_UISupportedInterfaceOrientations_iPhone = "UIInterfaceOrientationPortrait UIInterfaceOrientationLandscapeLeft UIInterfaceOrientationLandscapeRight";
				LD_RUNPATH_SEARCH_PATHS = (
					"$(inherited)",
					"@executable_path/Frameworks",
				);
				MARKETING_VERSION = 1.0;
				PRODUCT_BUNDLE_IDENTIFIER = "com.DHoney96.SwiftUI-Study";
				PRODUCT_NAME = "$(TARGET_NAME)";
				SWIFT_EMIT_LOC_STRINGS = YES;
				SWIFT_VERSION = 5.0;
				TARGETED_DEVICE_FAMILY = "1,2";
			};
			name = Debug;
		};
		72D68B522A02337100A57219 /* Release */ = {
			isa = XCBuildConfiguration;
			buildSettings = {
				ASSETCATALOG_COMPILER_APPICON_NAME = AppIcon;
				ASSETCATALOG_COMPILER_GLOBAL_ACCENT_COLOR_NAME = AccentColor;
				CODE_SIGN_STYLE = Automatic;
				CURRENT_PROJECT_VERSION = 1;
				DEVELOPMENT_ASSET_PATHS = "\"SwiftUI_Study/Preview Content\"";
				ENABLE_PREVIEWS = YES;
				GENERATE_INFOPLIST_FILE = YES;
				INFOPLIST_KEY_UIApplicationSceneManifest_Generation = YES;
				INFOPLIST_KEY_UIApplicationSupportsIndirectInputEvents = YES;
				INFOPLIST_KEY_UILaunchScreen_Generation = YES;
				INFOPLIST_KEY_UISupportedInterfaceOrientations_iPad = "UIInterfaceOrientationPortrait UIInterfaceOrientationPortraitUpsideDown UIInterfaceOrientationLandscapeLeft UIInterfaceOrientationLandscapeRight";
				INFOPLIST_KEY_UISupportedInterfaceOrientations_iPhone = "UIInterfaceOrientationPortrait UIInterfaceOrientationLandscapeLeft UIInterfaceOrientationLandscapeRight";
				LD_RUNPATH_SEARCH_PATHS = (
					"$(inherited)",
					"@executable_path/Frameworks",
				);
				MARKETING_VERSION = 1.0;
				PRODUCT_BUNDLE_IDENTIFIER = "com.DHoney96.SwiftUI-Study";
				PRODUCT_NAME = "$(TARGET_NAME)";
				SWIFT_EMIT_LOC_STRINGS = YES;
				SWIFT_VERSION = 5.0;
				TARGETED_DEVICE_FAMILY = "1,2";
			};
			name = Release;
		};
/* End XCBuildConfiguration section */

/* Begin XCConfigurationList section */
		72D68B3D2A02337000A57219 /* Build configuration list for PBXProject "SwiftUI_Study" */ = {
			isa = XCConfigurationList;
			buildConfigurations = (
				72D68B4E2A02337100A57219 /* Debug */,
				72D68B4F2A02337100A57219 /* Release */,
			);
			defaultConfigurationIsVisible = 0;
			defaultConfigurationName = Release;
		};
		72D68B502A02337100A57219 /* Build configuration list for PBXNativeTarget "SwiftUI_Study" */ = {
			isa = XCConfigurationList;
			buildConfigurations = (
				72D68B512A02337100A57219 /* Debug */,
				72D68B522A02337100A57219 /* Release */,
			);
			defaultConfigurationIsVisible = 0;
			defaultConfigurationName = Release;
		};
/* End XCConfigurationList section */
	};
	rootObject = 72D68B3A2A02337000A57219 /* Project object */;
}
